
Microsoft Visual Studio Solution File, Format Version 12.00
# Visual Studio Version 17
VisualStudioVersion = 17.3.32804.467
MinimumVisualStudioVersion = 10.0.40219.1
Project("{FAE04EC0-301F-11D3-BF4B-00C04F79EFBC}") = "EB-T10_Input", "EB-T10_Input.csproj", "{3AAEDE62-EC63-441A-8E90-3C4A082B1376}"
EndProject
Global
	GlobalSection(SolutionConfigurationPlatforms) = preSolution
		Debug|Any CPU = Debug|Any CPU
		Release|Any CPU = Release|Any CPU
	EndGlobalSection
	GlobalSection(ProjectConfigurationPlatforms) = postSolution
		{3AAEDE62-EC63-441A-8E90-3C4A082B1376}.Debug|Any CPU.ActiveCfg = Debug|Any CPU
		{3AAEDE62-EC63-441A-8E90-3C4A082B1376}.Debug|Any CPU.Build.0 = Debug|Any CPU
		{3AAEDE62-EC63-441A-8E90-3C4A082B1376}.Release|Any CPU.ActiveCfg = Release|Any CPU
		{3AAEDE62-EC63-441A-8E90-3C4A082B1376}.Release|Any CPU.Build.0 = Release|Any CPU
	EndGlobalSection
	GlobalSection(SolutionProperties) = preSolution
		HideSolutionNode = FALSE
	EndGlobalSection
	GlobalSection(ExtensibilityGlobals) = postSolution
		SolutionGuid = {1C5C690B-1848-495C-BBA2-6431267EF41F}
	EndGlobalSection
EndGlobal
